
Microsoft Visual Studio Solution File, Format Version 12.00
# Visual Studio Version 16
VisualStudioVersion = 16.0.29613.14
MinimumVisualStudioVersion = 10.0.40219.1
Project("{FAE04EC0-301F-11D3-BF4B-00C04F79EFBC}") = "EMEA-AuthFunction", "EMEA-AuthFunction\EMEA-AuthFunction.csproj", "{01CB10C5-FFA5-4237-BAFB-00DF5A74C25D}"
EndProject
Global
	GlobalSection(SolutionConfigurationPlatforms) = preSolution
		Debug|Any CPU = Debug|Any CPU
		Release|Any CPU = Release|Any CPU
	EndGlobalSection
	GlobalSection(ProjectConfigurationPlatforms) = postSolution
		{01CB10C5-FFA5-4237-BAFB-00DF5A74C25D}.Debug|Any CPU.ActiveCfg = Debug|Any CPU
		{01CB10C5-FFA5-4237-BAFB-00DF5A74C25D}.Debug|Any CPU.Build.0 = Debug|Any CPU
		{01CB10C5-FFA5-4237-BAFB-00DF5A74C25D}.Release|Any CPU.ActiveCfg = Release|Any CPU
		{01CB10C5-FFA5-4237-BAFB-00DF5A74C25D}.Release|Any CPU.Build.0 = Release|Any CPU
	EndGlobalSection
	GlobalSection(SolutionProperties) = preSolution
		HideSolutionNode = FALSE
	EndGlobalSection
	GlobalSection(ExtensibilityGlobals) = postSolution
		SolutionGuid = {EF7E4627-421D-4286-9867-5BDBB6D9DC6E}
	EndGlobalSection
EndGlobal
